{
  "nodes": {
    "dankMaterialShell": {
      "inputs": {
        "dgop": "dgop",
        "dms-cli": "dms-cli",
        "nixpkgs": [
          "nixpkgs"
        ],
        "quickshell": "quickshell"
      },
      "locked": {
        "lastModified": 1760296980,
        "narHash": "sha256-0/JeuTXOv3pPXO/96u0rwuE9uW5IKgvSSyE1LwjUFZI=",
        "owner": "AvengeMedia",
        "repo": "DankMaterialShell",
        "rev": "cf2f74a38d085da2737fe162ca1719cd268612fe",
        "type": "github"
      },
      "original": {
        "owner": "AvengeMedia",
        "repo": "DankMaterialShell",
        "type": "github"
      }
    },
    "dgop": {
      "inputs": {
        "nixpkgs": [
          "dankMaterialShell",
          "nixpkgs"
        ]
      },
      "locked": {
        "lastModified": 1760238269,
        "narHash": "sha256-7CeGZM/Z/5Qt3AYByCRohGYGR1MRuXYzTTbkV/JxyAs=",
        "owner": "AvengeMedia",
        "repo": "dgop",
        "rev": "95acdfce2d323e28fa8f5a4f345160962034f2b5",
        "type": "github"
      },
      "original": {
        "owner": "AvengeMedia",
        "repo": "dgop",
        "type": "github"
      }
    },
    "dms-cli": {
      "inputs": {
        "nixpkgs": [
          "dankMaterialShell",
          "nixpkgs"
        ]
      },
      "locked": {
        "lastModified": 1760241259,
        "narHash": "sha256-DlLGn+4M6tIafoDsHr2WhHG2hrHrC24S2IL3+KAvjEU=",
        "owner": "AvengeMedia",
        "repo": "danklinux",
        "rev": "dae4c3ff4ce0feb930361c399747edb29d081775",
        "type": "github"
      },
      "original": {
        "owner": "AvengeMedia",
        "repo": "danklinux",
        "type": "github"
      }
    },
    "home-manager": {
      "inputs": {
        "nixpkgs": [
          "nixpkgs"
        ]
      },
      "locked": {
        "lastModified": 1760103600,
        "narHash": "sha256-R4cltQFceN3POiPhBu7aTKsrwqTiwo6zjzmitrHD80E=",
        "owner": "nix-community",
        "repo": "home-manager",
        "rev": "bcccb01d0a353c028cc8cb3254cac7ebae32929e",
        "type": "github"
      },
      "original": {
        "owner": "nix-community",
        "repo": "home-manager",
        "type": "github"
      }
    },
    "home-manager_2": {
      "inputs": {
        "nixpkgs": [
          "zen-browser",
          "nixpkgs"
        ]
      },
      "locked": {
        "lastModified": 1752603129,
        "narHash": "sha256-S+wmHhwNQ5Ru689L2Gu8n1OD6s9eU9n9mD827JNR+kw=",
        "owner": "nix-community",
        "repo": "home-manager",
        "rev": "e8c19a3cec2814c754f031ab3ae7316b64da085b",
        "type": "github"
      },
      "original": {
        "owner": "nix-community",
        "repo": "home-manager",
        "type": "github"
      }
    },
    "niri": {
      "inputs": {
        "niri-stable": "niri-stable",
        "niri-unstable": "niri-unstable",
        "nixpkgs": [
          "nixpkgs"
        ],
        "nixpkgs-stable": "nixpkgs-stable",
        "xwayland-satellite-stable": "xwayland-satellite-stable",
        "xwayland-satellite-unstable": "xwayland-satellite-unstable"
      },
      "locked": {
        "lastModified": 1760328462,
        "narHash": "sha256-LAmGgkv25DFSmYyIbcAMGGqKb8ZpFIpsoD5HqtpFPFo=",
        "owner": "sodiboo",
        "repo": "niri-flake",
        "rev": "d8ed6b75d4ff881bf04c805964fd6362c2282ecb",
        "type": "github"
      },
      "original": {
        "owner": "sodiboo",
        "repo": "niri-flake",
        "type": "github"
      }
    },
    "niri-stable": {
      "flake": false,
      "locked": {
        "lastModified": 1756556321,
        "narHash": "sha256-RLD89dfjN0RVO86C/Mot0T7aduCygPGaYbog566F0Qo=",
        "owner": "YaLTeR",
        "repo": "niri",
        "rev": "01be0e65f4eb91a9cd624ac0b76aaeab765c7294",
        "type": "github"
      },
      "original": {
        "owner": "YaLTeR",
        "ref": "v25.08",
        "repo": "niri",
        "type": "github"
      }
    },
    "niri-unstable": {
      "flake": false,
      "locked": {
        "lastModified": 1759395653,
        "narHash": "sha256-sv9J1z6CrTPf9lRJLyCN90fZVdQz7LFeX7pIlInH8BQ=",
        "owner": "YaLTeR",
        "repo": "niri",
        "rev": "ba6e5e082a79901dc89b0d49c5da1b769d652aec",
        "type": "github"
      },
      "original": {
        "owner": "YaLTeR",
        "repo": "niri",
        "type": "github"
      }
    },
    "nixpkgs": {
      "locked": {
        "lastModified": 1760038930,
        "narHash": "sha256-Oncbh0UmHjSlxO7ErQDM3KM0A5/Znfofj2BSzlHLeVw=",
        "owner": "nixos",
        "repo": "nixpkgs",
        "rev": "0b4defa2584313f3b781240b29d61f6f9f7e0df3",
        "type": "github"
      },
      "original": {
        "owner": "nixos",
        "ref": "nixos-unstable",
        "repo": "nixpkgs",
        "type": "github"
      }
    },
    "nixpkgs-stable": {
      "locked": {
        "lastModified": 1760139962,
        "narHash": "sha256-4xggC56Rub3WInz5eD7EZWXuLXpNvJiUPahGtMkwtuc=",
        "owner": "NixOS",
        "repo": "nixpkgs",
        "rev": "7e297ddff44a3cc93673bb38d0374df8d0ad73e4",
        "type": "github"
      },
      "original": {
        "owner": "NixOS",
        "ref": "nixos-25.05",
        "repo": "nixpkgs",
        "type": "github"
      }
    },
    "quickshell": {
      "inputs": {
        "nixpkgs": [
          "dankMaterialShell",
          "nixpkgs"
        ]
      },
      "locked": {
        "lastModified": 1760228179,
        "narHash": "sha256-4Z6k7lv3Zcgk3K+4h60LpqB9wCkR+utkYERU735U068=",
        "ref": "refs/heads/master",
        "rev": "c9d3ffb6043c5bf3f3009202bad7e0e5132c4a25",
        "revCount": 693,
        "type": "git",
        "url": "https://git.outfoxxed.me/quickshell/quickshell"
      },
      "original": {
        "type": "git",
        "url": "https://git.outfoxxed.me/quickshell/quickshell"
      }
    },
    "root": {
      "inputs": {
        "dankMaterialShell": "dankMaterialShell",
        "home-manager": "home-manager",
        "niri": "niri",
        "nixpkgs": "nixpkgs",
        "rust-overlay": "rust-overlay",
        "zen-browser": "zen-browser"
      }
    },
    "rust-overlay": {
      "inputs": {
        "nixpkgs": [
          "nixpkgs"
        ]
      },
      "locked": {
        "lastModified": 1760149850,
        "narHash": "sha256-FVVS5YgOFQHa8waL9EoUuw29iaDIF0qRkVlXIaU1j+c=",
        "owner": "oxalica",
        "repo": "rust-overlay",
        "rev": "a8143c74e5ed8cdbca3c96d4362b6392577481ff",
        "type": "github"
      },
      "original": {
        "owner": "oxalica",
        "repo": "rust-overlay",
        "type": "github"
      }
    },
    "xwayland-satellite-stable": {
      "flake": false,
      "locked": {
        "lastModified": 1755491097,
        "narHash": "sha256-m+9tUfsmBeF2Gn4HWa6vSITZ4Gz1eA1F5Kh62B0N4oE=",
        "owner": "Supreeeme",
        "repo": "xwayland-satellite",
        "rev": "388d291e82ffbc73be18169d39470f340707edaa",
        "type": "github"
      },
      "original": {
        "owner": "Supreeeme",
        "ref": "v0.7",
        "repo": "xwayland-satellite",
        "type": "github"
      }
    },
    "xwayland-satellite-unstable": {
      "flake": false,
      "locked": {
        "lastModified": 1759707084,
        "narHash": "sha256-0pkftKs6/LReNvxw7DVTN2AJEheZVgyeK0Aarbagi70=",
        "owner": "Supreeeme",
        "repo": "xwayland-satellite",
        "rev": "a9188e70bd748118b4d56a529871b9de5adb9988",
        "type": "github"
      },
      "original": {
        "owner": "Supreeeme",
        "repo": "xwayland-satellite",
        "type": "github"
      }
    },
    "zen-browser": {
      "inputs": {
        "home-manager": "home-manager_2",
        "nixpkgs": [
          "nixpkgs"
        ]
      },
      "locked": {
        "lastModified": 1760260662,
        "narHash": "sha256-slsYpjQhqclYPiGYZB3wDEbVYcJMW0E72URCl+lm824=",
        "owner": "0xc000022070",
        "repo": "zen-browser-flake",
        "rev": "5b604957f440f8be43ec5038b543ef2270b43665",
        "type": "github"
      },
      "original": {
        "owner": "0xc000022070",
        "repo": "zen-browser-flake",
        "type": "github"
      }
    }
  },
  "root": "root",
  "version": 7
}
